dependencies:
- name: postgresql
  repository: https://charts.bitnami.com/bitnami
  version: 8.10.14
- name: ingress-nginx
  repository: https://kubernetes.github.io/ingress-nginx
  version: 3.7.1
digest: sha256:541086e49ff304d989e59a3ba69b2368c2baf7e11213b2060b380c80ba20c5db
generated: "2020-10-23T20:07:29.1841821+05:00"
